{
  "name": "idiot-box",
  "version": "0.1.0",
  "lockfileVersion": 3,
  "requires": true,
  "packages": {
    "": {
      "name": "idiot-box",
      "version": "0.1.0",
      "dependencies": {
        "@codingame/monaco-vscode-api": "^36.0.0",
        "@codingame/monaco-vscode-bat-default-extension": "^36.0.0",
        "@codingame/monaco-vscode-cpp-default-extension": "^36.0.0",
        "@codingame/monaco-vscode-csharp-default-extension": "^36.0.0",
        "@codingame/monaco-vscode-css-default-extension": "^36.0.0",
        "@codingame/monaco-vscode-go-default-extension": "^36.0.0",
        "@codingame/monaco-vscode-html-default-extension": "^36.0.0",
        "@codingame/monaco-vscode-java-default-extension": "^36.0.0",
        "@codingame/monaco-vscode-javascript-default-extension": "^36.0.0",
        "@codingame/monaco-vscode-json-default-extension": "^36.0.0",
        "@codingame/monaco-vscode-languages-service-override": "^36.0.0",
        "@codingame/monaco-vscode-markdown-basics-default-extension": "^36.0.0",
        "@codingame/monaco-vscode-php-default-extension": "^36.0.0",
        "@codingame/monaco-vscode-powershell-default-extension": "^36.0.0",
        "@codingame/monaco-vscode-python-default-extension": "^36.0.0",
        "@codingame/monaco-vscode-ruby-default-extension": "^36.0.0",
        "@codingame/monaco-vscode-rust-default-extension": "^36.0.0",
        "@codingame/monaco-vscode-shellscript-default-extension": "^36.0.0",
        "@codingame/monaco-vscode-sql-default-extension": "^36.0.0",
        "@codingame/monaco-vscode-textmate-service-override": "^36.0.0",
        "@codingame/monaco-vscode-theme-defaults-default-extension": "^36.0.0",
        "@codingame/monaco-vscode-theme-service-override": "^36.0.0",
        "@codingame/monaco-vscode-typescript-basics-default-extension": "^36.0.0",
        "@codingame/monaco-vscode-xml-default-extension": "^36.0.0",
        "@codingame/monaco-vscode-yaml-default-extension": "^36.0.0",
        "@monaco-editor/react": "^4.7.0",
        "@xterm/addon-fit": "^0.11.0",
        "@xterm/addon-web-links": "^0.12.0",
        "@xterm/xterm": "^6.0.0",
        "chokidar": "^5.0.0",
        "electron-chrome-extensions": "^4.9.0",
        "flexlayout-react": "^0.8.19",
        "monaco-editor": "^0.56.0",
        "node-pty": "^1.1.0",
        "react": "^19.2.8",
        "react-dom": "^19.2.8",
        "vscode-icons-js": "^11.6.1"
      },
      "devDependencies": {
        "electron": "^43.2.0",
        "esbuild": "^0.25.6"
      }
    },
    "node_modules/@codingame/monaco-vscode-api": {
      "version": "36.0.0",
      "resolved": "https://registry.npmjs.org/@codingame/monaco-vscode-api/-/monaco-vscode-api-36.0.0.tgz",
      "integrity": "sha512-bDse4v0w7B6EWPGT/vgFTer9rdOCEoEUzRcHKbs71Ow04OxNlFfvdFL8UgP1Yui8RSJdAwfc7YFdQ1g0ZZl5TQ==",
      "license": "MIT",
      "dependencies": {
        "@codingame/monaco-vscode-base-service-override": "36.0.0",
        "@codingame/monaco-vscode-environment-service-override": "36.0.0",
        "@codingame/monaco-vscode-extensions-service-override": "36.0.0",
        "@codingame/monaco-vscode-files-service-override": "36.0.0",
        "@codingame/monaco-vscode-host-service-override": "36.0.0",
        "@codingame/monaco-vscode-layout-service-override": "36.0.0",
        "@codingame/monaco-vscode-quickaccess-service-override": "36.0.0",
        "@vscode/diff": "0.0.2-7",
        "@vscode/iconv-lite-umd": "0.7.1",
        "dompurify": "3.4.12",
        "jschardet": "3.1.4",
        "marked": "14.0.0"
      }
    },
    "node_modules/@codingame/monaco-vscode-base-service-override": {
      "version": "36.0.0",
      "resolved": "https://registry.npmjs.org/@codingame/monaco-vscode-base-service-override/-/monaco-vscode-base-service-override-36.0.0.tgz",
      "integrity": "sha512-PS+t90ZTDDx0EI7WLua8oJbKPbRJj6xy1EQfej+TfudKYMkcSPOIaCwatbYCguCWUCavwopIgOsOzbJ9qNvjSQ==",
      "license": "MIT",
      "dependencies": {
        "@codingame/monaco-vscode-api": "36.0.0"
      }
    },
    "node_modules/@codingame/monaco-vscode-bat-default-extension": {
      "version": "36.0.0",
      "resolved": "https://registry.npmjs.org/@codingame/monaco-vscode-bat-default-extension/-/monaco-vscode-bat-default-extension-36.0.0.tgz",
      "integrity": "sha512-S1seE0htL9bOHj0TeF/ljG36E6AUbYJXlxp4HmzEH+VBNOuMvFEKzGvK6yoLycGKgPUDJayc2c9NAP35s9YC+w==",
      "license": "MIT",
      "dependencies": {
        "@codingame/monaco-vscode-api": "36.0.0"
      }
    },
    "node_modules/@codingame/monaco-vscode-cpp-default-extension": {
      "version": "36.0.0",
      "resolved": "https://registry.npmjs.org/@codingame/monaco-vscode-cpp-default-extension/-/monaco-vscode-cpp-default-extension-36.0.0.tgz",
      "integrity": "sha512-k3z+ex/Y7qSBtwzu8wPiJht/rNglwd8hD1oqSmQA7IDhl5u4fNw5Q06DCyzqy9LRviK7ZCTvqt4LwJqTcVMcQQ==",
      "license": "MIT",
      "dependencies": {
        "@codingame/monaco-vscode-api": "36.0.0"
      }
    },
    "node_modules/@codingame/monaco-vscode-csharp-default-extension": {
      "version": "36.0.0",
      "resolved": "https://registry.npmjs.org/@codingame/monaco-vscode-csharp-default-extension/-/monaco-vscode-csharp-default-extension-36.0.0.tgz",
      "integrity": "sha512-ihzRvMsSAbUcONLhrznS/978GeB0ppGhUv7ZxYufZcEL10ew84QQ+tCF0Wr84BujaJzJRPpjcdV3lYZPMyJtRg==",
      "license": "MIT",
      "dependencies": {
        "@codingame/monaco-vscode-api": "36.0.0"
      }
    },
    "node_modules/@codingame/monaco-vscode-css-default-extension": {
      "version": "36.0.0",
      "resolved": "https://registry.npmjs.org/@codingame/monaco-vscode-css-default-extension/-/monaco-vscode-css-default-extension-36.0.0.tgz",
      "integrity": "sha512-3IBvM+z/ZIZ+/yOaro8e+Jil6Os/urOosHgnJtBtBr85AkfQNLbQQMBFCVA4o+Eq7hnQ7NrLSZ5wWue7Gs1Euw==",
      "license": "MIT",
      "dependencies": {
        "@codingame/monaco-vscode-api": "36.0.0"
      }
    },
    "node_modules/@codingame/monaco-vscode-environment-service-override": {
      "version": "36.0.0",
      "resolved": "https://registry.npmjs.org/@codingame/monaco-vscode-environment-service-override/-/monaco-vscode-environment-service-override-36.0.0.tgz",
      "integrity": "sha512-IW7nyDn5sB/F0AUuF1uJ4427TvkmHpJXkP/dcIkQrY5QS7rNSPk3VsmxZeL3612BhQ33IcyXBWpx8+uyNylhKw==",
      "license": "MIT",
      "dependencies": {
        "@codingame/monaco-vscode-api": "36.0.0"
      }
    },
    "node_modules/@codingame/monaco-vscode-extensions-service-override": {
      "version": "36.0.0",
      "resolved": "https://registry.npmjs.org/@codingame/monaco-vscode-extensions-service-override/-/monaco-vscode-extensions-service-override-36.0.0.tgz",
      "integrity": "sha512-PJjGdXBTuRSgfN6UvG62Bjkpzq8LV/KCpjQ2f68kWuY6Kepq+AKRsmscG36abZDCTSiDstjQ949CAS0zzkYkBQ==",
      "license": "MIT",
      "dependencies": {
        "@codingame/monaco-vscode-api": "36.0.0",
        "@codingame/monaco-vscode-files-service-override": "36.0.0"
      }
    },
    "node_modules/@codingame/monaco-vscode-files-service-override": {
      "version": "36.0.0",
      "resolved": "https://registry.npmjs.org/@codingame/monaco-vscode-files-service-override/-/monaco-vscode-files-service-override-36.0.0.tgz",
      "integrity": "sha512-lCcCU/1RYSfM+YfpJ8CjeT6PTRK5Tge61K5YJnnjmtP/ZXdl2J8/A5ThOZ9YX7bo5nXjx8uZUbobQ5S4QxIIRA==",
      "license": "MIT",
      "dependencies": {
        "@codingame/monaco-vscode-api": "36.0.0"
      }
    },
    "node_modules/@codingame/monaco-vscode-go-default-extension": {
      "version": "36.0.0",
      "resolved": "https://registry.npmjs.org/@codingame/monaco-vscode-go-default-extension/-/monaco-vscode-go-default-extension-36.0.0.tgz",
      "integrity": "sha512-T2sCMmdYYOe7s+Wqe2bI9KV73YyuYrMVyPFG+Qaf3pjkSc2JA0EMjCfIbCCV8USqsN6XwhUDkA4SGE8jtd80+A==",
      "license": "MIT",
      "dependencies": {
        "@codingame/monaco-vscode-api": "36.0.0"
      }
    },
    "node_modules/@codingame/monaco-vscode-host-service-override": {
      "version": "36.0.0",
      "resolved": "https://registry.npmjs.org/@codingame/monaco-vscode-host-service-override/-/monaco-vscode-host-service-override-36.0.0.tgz",
      "integrity": "sha512-fqrTwj6QERgLYNQ0IAx34UPWl7VM0T0ga3n3Zr2PgRz51FLxCx0ohGzkKKih9GqPuKyauaGfG/D6z07aMU4JXQ==",
      "license": "MIT",
      "dependencies": {
        "@codingame/monaco-vscode-api": "36.0.0"
      }
    },
    "node_modules/@codingame/monaco-vscode-html-default-extension": {
      "version": "36.0.0",
      "resolved": "https://registry.npmjs.org/@codingame/monaco-vscode-html-default-extension/-/monaco-vscode-html-default-extension-36.0.0.tgz",
      "integrity": "sha512-PG7SuwhbkC+frWvKCtu2WUaKYMOWxyrFEr3FvRMwnQo1zn3P69rVzGFC53SE6fiCC18Vaa01EkS5kcyOZK/jYg==",
      "license": "MIT",
      "dependencies": {
        "@codingame/monaco-vscode-api": "36.0.0"
      }
    },
    "node_modules/@codingame/monaco-vscode-java-default-extension": {
      "version": "36.0.0",
      "resolved": "https://registry.npmjs.org/@codingame/monaco-vscode-java-default-extension/-/monaco-vscode-java-default-extension-36.0.0.tgz",
      "integrity": "sha512-s43cuzaRw1v8+wjl31z7H8tptJqfZiETj9/thXBCwB3fSMJzn6SnFiIDY6YHeXx9617DfjpEzp8+bvOLObtdyQ==",
      "license": "MIT",
      "dependencies": {
        "@codingame/monaco-vscode-api": "36.0.0"
      }
    },
    "node_modules/@codingame/monaco-vscode-javascript-default-extension": {
      "version": "36.0.0",
      "resolved": "https://registry.npmjs.org/@codingame/monaco-vscode-javascript-default-extension/-/monaco-vscode-javascript-default-extension-36.0.0.tgz",
      "integrity": "sha512-4QbXZvTRgHMTR/NmsQ2HZXVO7wxk3nRkvjQtA9mQPelv+ZZVoWVYc/lY8MFVOitsnlopmTKrqwm07AKGrNuuhQ==",
      "license": "MIT",
      "dependencies": {
        "@codingame/monaco-vscode-api": "36.0.0"
      }
    },
    "node_modules/@codingame/monaco-vscode-json-default-extension": {
      "version": "36.0.0",
      "resolved": "https://registry.npmjs.org/@codingame/monaco-vscode-json-default-extension/-/monaco-vscode-json-default-extension-36.0.0.tgz",
      "integrity": "sha512-81c8o6S6R4VM9QhsviDpp7oPcE1wWzsZaKQiBgeCi2ED8pEfQ4wVvWVkHyO2zZ1FMK4CiKsJ5jxdXdQkTO4bVQ==",
      "license": "MIT",
      "dependencies": {
        "@codingame/monaco-vscode-api": "36.0.0"
      }
    },
    "node_modules/@codingame/monaco-vscode-languages-service-override": {
      "version": "36.0.0",
      "resolved": "https://registry.npmjs.org/@codingame/monaco-vscode-languages-service-override/-/monaco-vscode-languages-service-override-36.0.0.tgz",
      "integrity": "sha512-KW/o6D94+PZskKXhrMyTOFCNv1mOiJExK4Z7TGae0dCYWIy26612EM02ETgBYQH88YNdnkXf8muGXtyoplTW8Q==",
      "license": "MIT",
      "dependencies": {
        "@codingame/monaco-vscode-api": "36.0.0",
        "@codingame/monaco-vscode-files-service-override": "36.0.0"
      }
    },
    "node_modules/@codingame/monaco-vscode-layout-service-override": {
      "version": "36.0.0",
      "resolved": "https://registry.npmjs.org/@codingame/monaco-vscode-layout-service-override/-/monaco-vscode-layout-service-override-36.0.0.tgz",
      "integrity": "sha512-GBGDkOiECf3DQNCc2cBwX91+2IwWVJC7Ng3L2MhMA8CFbBG+Zi1MIcKD4xxQVZWWsjP50h9s/5kJDV+DvpJfnw==",
      "license": "MIT",
      "dependencies": {
        "@codingame/monaco-vscode-api": "36.0.0"
      }
    },
    "node_modules/@codingame/monaco-vscode-markdown-basics-default-extension": {
      "version": "36.0.0",
      "resolved": "https://registry.npmjs.org/@codingame/monaco-vscode-markdown-basics-default-extension/-/monaco-vscode-markdown-basics-default-extension-36.0.0.tgz",
      "integrity": "sha512-aPn+O2c2q2XKR5T3VuJE4WRz7Ixuc8URGYRcAPua5VCgb5qAcZYACo/Mr7ReK8BYty+BocHLSLzqf6xKv+s7Vg==",
      "license": "MIT",
      "dependencies": {
        "@codingame/monaco-vscode-api": "36.0.0"
      }
    },
    "node_modules/@codingame/monaco-vscode-php-default-extension": {
      "version": "36.0.0",
      "resolved": "https://registry.npmjs.org/@codingame/monaco-vscode-php-default-extension/-/monaco-vscode-php-default-extension-36.0.0.tgz",
      "integrity": "sha512-MjHom2dipJyAsoUbpcRsgHkfMCdpVrqQv3/ulBWg5dqvOWEBaigmDWSkDxpw4oEU/SE26KTIUFMvmMkT+uLxrw==",
      "license": "MIT",
      "dependencies": {
        "@codingame/monaco-vscode-api": "36.0.0"
      }
    },
    "node_modules/@codingame/monaco-vscode-powershell-default-extension": {
      "version": "36.0.0",
      "resolved": "https://registry.npmjs.org/@codingame/monaco-vscode-powershell-default-extension/-/monaco-vscode-powershell-default-extension-36.0.0.tgz",
      "integrity": "sha512-cuvaRPAuzIHTGZkBZqaGg4DqKrWaUXuWevvqpLEgaIqINlw5uyCgNSMclmEzkh7nwfvQ34BNyW4GUItjdB11LQ==",
      "license": "MIT",
      "dependencies": {
        "@codingame/monaco-vscode-api": "36.0.0"
      }
    },
    "node_modules/@codingame/monaco-vscode-python-default-extension": {
      "version": "36.0.0",
      "resolved": "https://registry.npmjs.org/@codingame/monaco-vscode-python-default-extension/-/monaco-vscode-python-default-extension-36.0.0.tgz",
      "integrity": "sha512-XTuR50nD7BBMlQhhWbA4Gg5H++PvRvdiKPnSttUphOf4qgvjMGyvGktp8hqb+hnY1k2M8S/dm1ubFsOPuqeXRQ==",
      "license": "MIT",
      "dependencies": {
        "@codingame/monaco-vscode-api": "36.0.0"
      }
    },
    "node_modules/@codingame/monaco-vscode-quickaccess-service-override": {
      "version": "36.0.0",
      "resolved": "https://registry.npmjs.org/@codingame/monaco-vscode-quickaccess-service-override/-/monaco-vscode-quickaccess-service-override-36.0.0.tgz",
      "integrity": "sha512-PyKzXcqsZEO13Fczx4JUam62DBW8f7dAdJ6ug1OMQ1+MAVW/qKOw/ZuKIWjqWlfOt75jVxl6TGCHOHhyoPCN1w==",
      "license": "MIT",
      "dependencies": {
        "@codingame/monaco-vscode-api": "36.0.0"
      }
    },
    "node_modules/@codingame/monaco-vscode-ruby-default-extension": {
      "version": "36.0.0",
      "resolved": "https://registry.npmjs.org/@codingame/monaco-vscode-ruby-default-extension/-/monaco-vscode-ruby-default-extension-36.0.0.tgz",
      "integrity": "sha512-56BUdPEIFkSOYzY+4vhRmUMoj1TKfnFktFQVa+YRRTwMEEQFMzviQ0VZUQMIUIIXN6yT05bDUjccXjhfyKVf2w==",
      "license": "MIT",
      "dependencies": {
        "@codingame/monaco-vscode-api": "36.0.0"
      }
    },
    "node_modules/@codingame/monaco-vscode-rust-default-extension": {
      "version": "36.0.0",
      "resolved": "https://registry.npmjs.org/@codingame/monaco-vscode-rust-default-extension/-/monaco-vscode-rust-default-extension-36.0.0.tgz",
      "integrity": "sha512-/jK7/msOi3qWS1CrPJnkN8sqlKWpjMxMiv5Fn4/iYXihtg7O0+sXwuuiOnmuDPL2BUoBTNqmIbmBLlFPpcx4wQ==",
      "license": "MIT",
      "dependencies": {
        "@codingame/monaco-vscode-api": "36.0.0"
      }
    },
    "node_modules/@codingame/monaco-vscode-shellscript-default-extension": {
      "version": "36.0.0",
      "resolved": "https://registry.npmjs.org/@codingame/monaco-vscode-shellscript-default-extension/-/monaco-vscode-shellscript-default-extension-36.0.0.tgz",
      "integrity": "sha512-9LiWMsEfjahS+dbWnAiRVcvN2SoRkjcgoVGgjYyzJ4PclL3XyuhNn4USSTgpi5NUcpJiaEdI+OHBa03Vo7FF1g==",
      "license": "MIT",
      "dependencies": {
        "@codingame/monaco-vscode-api": "36.0.0"
      }
    },
    "node_modules/@codingame/monaco-vscode-sql-default-extension": {
      "version": "36.0.0",
      "resolved": "https://registry.npmjs.org/@codingame/monaco-vscode-sql-default-extension/-/monaco-vscode-sql-default-extension-36.0.0.tgz",
      "integrity": "sha512-apmKOuu4vsqe+G7c2dM1ztrnrH8sUNcGHW8/DvoUVMIFsnd8AdwKOcKqx7tiObAP8+iq1yYv3JBsBO7aEqLzoQ==",
      "license": "MIT",
      "dependencies": {
        "@codingame/monaco-vscode-api": "36.0.0"
      }
    },
    "node_modules/@codingame/monaco-vscode-textmate-service-override": {
      "version": "36.0.0",
      "resolved": "https://registry.npmjs.org/@codingame/monaco-vscode-textmate-service-override/-/monaco-vscode-textmate-service-override-36.0.0.tgz",
      "integrity": "sha512-h8clxei8jC4sir32vy4I5c6KH+9u+Tv5pFVTTNo1H2uRhv/EAQZuD1PYMePaesJqfdcll4wEycrJLQd5OTTCxQ==",
      "license": "MIT",
      "dependencies": {
        "@codingame/monaco-vscode-api": "36.0.0",
        "@codingame/monaco-vscode-files-service-override": "36.0.0"
      }
    },
    "node_modules/@codingame/monaco-vscode-theme-defaults-default-extension": {
      "version": "36.0.0",
      "resolved": "https://registry.npmjs.org/@codingame/monaco-vscode-theme-defaults-default-extension/-/monaco-vscode-theme-defaults-default-extension-36.0.0.tgz",
      "integrity": "sha512-2+aAS5Eev1ch11E+r+xnwos6DAFFdaEk2oAAsRbgJxcHIN9szPzeEyNsCjRB+cCa+hQkwJp/CJPZi87ba3OhFA==",
      "license": "MIT",
      "dependencies": {
        "@codingame/monaco-vscode-api": "36.0.0"
      }
    },
    "node_modules/@codingame/monaco-vscode-theme-service-override": {
      "version": "36.0.0",
      "resolved": "https://registry.npmjs.org/@codingame/monaco-vscode-theme-service-override/-/monaco-vscode-theme-service-override-36.0.0.tgz",
      "integrity": "sha512-8NucYBCiwaCdZgBvAEaHIUeLC2nwTvg+3a/OGpdSuwDAT2Z46RJVUSITc58VdmaDEwp1BmUnyFQVSfpOH+chIQ==",
      "license": "MIT",
      "dependencies": {
        "@codingame/monaco-vscode-api": "36.0.0",
        "@codingame/monaco-vscode-files-service-override": "36.0.0"
      }
    },
    "node_modules/@codingame/monaco-vscode-typescript-basics-default-extension": {
      "version": "36.0.0",
      "resolved": "https://registry.npmjs.org/@codingame/monaco-vscode-typescript-basics-default-extension/-/monaco-vscode-typescript-basics-default-extension-36.0.0.tgz",
      "integrity": "sha512-JTzWO8vuqQizg4bsmyb0iTezYfK4apI3fySSeUGAI2gA3OwnFv5nAIYbCfQPPh5MJF8oy8hP5B5pHchKEpQljw==",
      "license": "MIT",
      "dependencies": {
        "@codingame/monaco-vscode-api": "36.0.0"
      }
    },
    "node_modules/@codingame/monaco-vscode-xml-default-extension": {
      "version": "36.0.0",
      "resolved": "https://registry.npmjs.org/@codingame/monaco-vscode-xml-default-extension/-/monaco-vscode-xml-default-extension-36.0.0.tgz",
      "integrity": "sha512-6wWPpFsHerGCeJakH5Bc9JhF958+PL84WZI4gco7OXWxmbdnlT4qBBZpCTkxmjOw8RsB3/4K+/+E3yO9Jn6ZGQ==",
      "license": "MIT",
      "dependencies": {
        "@codingame/monaco-vscode-api": "36.0.0"
      }
    },
    "node_modules/@codingame/monaco-vscode-yaml-default-extension": {
      "version": "36.0.0",
      "resolved": "https://registry.npmjs.org/@codingame/monaco-vscode-yaml-default-extension/-/monaco-vscode-yaml-default-extension-36.0.0.tgz",
      "integrity": "sha512-xrbU0PyFou1y7Y9GV2zXwuZh652Cjhg5hJYdfGifD7JvlJ5LJC8lzkzwIcd67OidAKtgxU7CFbQCGaoQb1oOvQ==",
      "license": "MIT",
      "dependencies": {
        "@codingame/monaco-vscode-api": "36.0.0"
      }
    },
    "node_modules/@electron-internal/extract-zip": {
      "version": "1.0.5",
      "resolved": "https://registry.npmjs.org/@electron-internal/extract-zip/-/extract-zip-1.0.5.tgz",
      "integrity": "sha512-+bqFCP98pLI0Tt0XQo1TmlXtwjWchISndDOxCkEcIuUgXWpBnLyRI+2DU+mesvnMMX6L1XDqYNA0lXNDHd/yiA==",
      "dev": true,
      "license": "BSD-2-Clause",
      "engines": {
        "node": ">=22.12.0"
      }
    },
    "node_modules/@electron/get": {
      "version": "5.1.0",
      "resolved": "https://registry.npmjs.org/@electron/get/-/get-5.1.0.tgz",
      "integrity": "sha512-3kSBtG8ObcTVfXanm5vVJ6UnBLEVmVsRk1M+vGqCuMBV+XLCbJYuWQful+yIy0GQDsSlK0kHEriEHn7SPk4EnA==",
      "dev": true,
      "license": "MIT",
      "dependencies": {
        "debug": "^4.1.1",
        "env-paths": "^3.0.0",
        "graceful-fs": "^4.2.11",
        "progress": "^2.0.3",
        "semver": "^7.6.3",
        "sumchecker": "^3.0.1"
      },
      "engines": {
        "node": ">=22.12.0"
      },
      "optionalDependencies": {
        "undici": "^7.24.4"
      }
    },
    "node_modules/@esbuild/aix-ppc64": {
      "version": "0.25.12",
      "resolved": "https://registry.npmjs.org/@esbuild/aix-ppc64/-/aix-ppc64-0.25.12.tgz",
      "integrity": "sha512-Hhmwd6CInZ3dwpuGTF8fJG6yoWmsToE+vYgD4nytZVxcu1ulHpUQRAB1UJ8+N1Am3Mz4+xOByoQoSZf4D+CpkA==",
      "cpu": [
        "ppc64"
      ],
      "dev": true,
      "license": "MIT",
      "optional": true,
      "os": [
        "aix"
      ],
      "engines": {
        "node": ">=18"
      }
    },
    "node_modules/@esbuild/android-arm": {
      "version": "0.25.12",
      "resolved": "https://registry.npmjs.org/@esbuild/android-arm/-/android-arm-0.25.12.tgz",
      "integrity": "sha512-VJ+sKvNA/GE7Ccacc9Cha7bpS8nyzVv0jdVgwNDaR4gDMC/2TTRc33Ip8qrNYUcpkOHUT5OZ0bUcNNVZQ9RLlg==",
      "cpu": [
        "arm"
      ],
      "dev": true,
      "license": "MIT",
      "optional": true,
      "os": [
        "android"
      ],
      "engines": {
        "node": ">=18"
      }
    },
    "node_modules/@esbuild/android-arm64": {
      "version": "0.25.12",
      "resolved": "https://registry.npmjs.org/@esbuild/android-arm64/-/android-arm64-0.25.12.tgz",
      "integrity": "sha512-6AAmLG7zwD1Z159jCKPvAxZd4y/VTO0VkprYy+3N2FtJ8+BQWFXU+OxARIwA46c5tdD9SsKGZ/1ocqBS/gAKHg==",
      "cpu": [
        "arm64"
      ],
      "dev": true,
      "license": "MIT",
      "optional": true,
      "os": [
        "android"
      ],
      "engines": {
        "node": ">=18"
      }
    },
    "node_modules/@esbuild/android-x64": {
      "version": "0.25.12",
      "resolved": "https://registry.npmjs.org/@esbuild/android-x64/-/android-x64-0.25.12.tgz",
      "integrity": "sha512-5jbb+2hhDHx5phYR2By8GTWEzn6I9UqR11Kwf22iKbNpYrsmRB18aX/9ivc5cabcUiAT/wM+YIZ6SG9QO6a8kg==",
      "cpu": [
        "x64"
      ],
      "dev": true,
      "license": "MIT",
      "optional": true,
      "os": [
        "android"
      ],
      "engines": {
        "node": ">=18"
      }
    },
    "node_modules/@esbuild/darwin-arm64": {
      "version": "0.25.12",
      "resolved": "https://registry.npmjs.org/@esbuild/darwin-arm64/-/darwin-arm64-0.25.12.tgz",
      "integrity": "sha512-N3zl+lxHCifgIlcMUP5016ESkeQjLj/959RxxNYIthIg+CQHInujFuXeWbWMgnTo4cp5XVHqFPmpyu9J65C1Yg==",
      "cpu": [
        "arm64"
      ],
      "dev": true,
      "license": "MIT",
      "optional": true,
      "os": [
        "darwin"
      ],
      "engines": {
        "node": ">=18"
      }
    },
    "node_modules/@esbuild/darwin-x64": {
      "version": "0.25.12",
      "resolved": "https://registry.npmjs.org/@esbuild/darwin-x64/-/darwin-x64-0.25.12.tgz",
      "integrity": "sha512-HQ9ka4Kx21qHXwtlTUVbKJOAnmG1ipXhdWTmNXiPzPfWKpXqASVcWdnf2bnL73wgjNrFXAa3yYvBSd9pzfEIpA==",
      "cpu": [
        "x64"
      ],
      "dev": true,
      "license": "MIT",
      "optional": true,
      "os": [
        "darwin"
      ],
      "engines": {
        "node": ">=18"
      }
    },
    "node_modules/@esbuild/freebsd-arm64": {
      "version": "0.25.12",
      "resolved": "https://registry.npmjs.org/@esbuild/freebsd-arm64/-/freebsd-arm64-0.25.12.tgz",
      "integrity": "sha512-gA0Bx759+7Jve03K1S0vkOu5Lg/85dou3EseOGUes8flVOGxbhDDh/iZaoek11Y8mtyKPGF3vP8XhnkDEAmzeg==",
      "cpu": [
        "arm64"
      ],
      "dev": true,
      "license": "MIT",
      "optional": true,
      "os": [
        "freebsd"
      ],
      "engines": {
        "node": ">=18"
      }
    },
    "node_modules/@esbuild/freebsd-x64": {
      "version": "0.25.12",
      "resolved": "https://registry.npmjs.org/@esbuild/freebsd-x64/-/freebsd-x64-0.25.12.tgz",
      "integrity": "sha512-TGbO26Yw2xsHzxtbVFGEXBFH0FRAP7gtcPE7P5yP7wGy7cXK2oO7RyOhL5NLiqTlBh47XhmIUXuGciXEqYFfBQ==",
      "cpu": [
        "x64"
      ],
      "dev": true,
      "license": "MIT",
      "optional": true,
      "os": [
        "freebsd"
      ],
      "engines": {
        "node": ">=18"
      }
    },
    "node_modules/@esbuild/linux-arm": {
      "version": "0.25.12",
      "resolved": "https://registry.npmjs.org/@esbuild/linux-arm/-/linux-arm-0.25.12.tgz",
      "integrity": "sha512-lPDGyC1JPDou8kGcywY0YILzWlhhnRjdof3UlcoqYmS9El818LLfJJc3PXXgZHrHCAKs/Z2SeZtDJr5MrkxtOw==",
      "cpu": [
        "arm"
      ],
      "dev": true,
      "license": "MIT",
      "optional": true,
      "os": [
        "linux"
      ],
      "engines": {
        "node": ">=18"
      }
    },
    "node_modules/@esbuild/linux-arm64": {
      "version": "0.25.12",
      "resolved": "https://registry.npmjs.org/@esbuild/linux-arm64/-/linux-arm64-0.25.12.tgz",
      "integrity": "sha512-8bwX7a8FghIgrupcxb4aUmYDLp8pX06rGh5HqDT7bB+8Rdells6mHvrFHHW2JAOPZUbnjUpKTLg6ECyzvas2AQ==",
      "cpu": [
        "arm64"
      ],
      "dev": true,
      "license": "MIT",
      "optional": true,
      "os": [
        "linux"
      ],
      "engines": {
        "node": ">=18"
      }
    },
    "node_modules/@esbuild/linux-ia32": {
      "version": "0.25.12",
      "resolved": "https://registry.npmjs.org/@esbuild/linux-ia32/-/linux-ia32-0.25.12.tgz",
      "integrity": "sha512-0y9KrdVnbMM2/vG8KfU0byhUN+EFCny9+8g202gYqSSVMonbsCfLjUO+rCci7pM0WBEtz+oK/PIwHkzxkyharA==",
      "cpu": [
        "ia32"
      ],
      "dev": true,
      "license": "MIT",
      "optional": true,
      "os": [
        "linux"
      ],
      "engines": {
        "node": ">=18"
      }
    },
    "node_modules/@esbuild/linux-loong64": {
      "version": "0.25.12",
      "resolved": "https://registry.npmjs.org/@esbuild/linux-loong64/-/linux-loong64-0.25.12.tgz",
      "integrity": "sha512-h///Lr5a9rib/v1GGqXVGzjL4TMvVTv+s1DPoxQdz7l/AYv6LDSxdIwzxkrPW438oUXiDtwM10o9PmwS/6Z0Ng==",
      "cpu": [
        "loong64"
      ],
      "dev": true,
      "license": "MIT",
      "optional": true,
      "os": [
        "linux"
      ],
      "engines": {
        "node": ">=18"
      }
    },
    "node_modules/@esbuild/linux-mips64el": {
      "version": "0.25.12",
      "resolved": "https://registry.npmjs.org/@esbuild/linux-mips64el/-/linux-mips64el-0.25.12.tgz",
      "integrity": "sha512-iyRrM1Pzy9GFMDLsXn1iHUm18nhKnNMWscjmp4+hpafcZjrr2WbT//d20xaGljXDBYHqRcl8HnxbX6uaA/eGVw==",
      "cpu": [
        "mips64el"
      ],
      "dev": true,
      "license": "MIT",
      "optional": true,
      "os": [
        "linux"
      ],
      "engines": {
        "node": ">=18"
      }
    },
    "node_modules/@esbuild/linux-ppc64": {
      "version": "0.25.12",
      "resolved": "https://registry.npmjs.org/@esbuild/linux-ppc64/-/linux-ppc64-0.25.12.tgz",
      "integrity": "sha512-9meM/lRXxMi5PSUqEXRCtVjEZBGwB7P/D4yT8UG/mwIdze2aV4Vo6U5gD3+RsoHXKkHCfSxZKzmDssVlRj1QQA==",
      "cpu": [
        "ppc64"
      ],
      "dev": true,
      "license": "MIT",
      "optional": true,
      "os": [
        "linux"
      ],
      "engines": {
        "node": ">=18"
      }
    },
    "node_modules/@esbuild/linux-riscv64": {
      "version": "0.25.12",
      "resolved": "https://registry.npmjs.org/@esbuild/linux-riscv64/-/linux-riscv64-0.25.12.tgz",
      "integrity": "sha512-Zr7KR4hgKUpWAwb1f3o5ygT04MzqVrGEGXGLnj15YQDJErYu/BGg+wmFlIDOdJp0PmB0lLvxFIOXZgFRrdjR0w==",
      "cpu": [
        "riscv64"
      ],
      "dev": true,
      "license": "MIT",
      "optional": true,
      "os": [
        "linux"
      ],
      "engines": {
        "node": ">=18"
      }
    },
    "node_modules/@esbuild/linux-s390x": {
      "version": "0.25.12",
      "resolved": "https://registry.npmjs.org/@esbuild/linux-s390x/-/linux-s390x-0.25.12.tgz",
      "integrity": "sha512-MsKncOcgTNvdtiISc/jZs/Zf8d0cl/t3gYWX8J9ubBnVOwlk65UIEEvgBORTiljloIWnBzLs4qhzPkJcitIzIg==",
      "cpu": [
        "s390x"
      ],
      "dev": true,
      "license": "MIT",
      "optional": true,
      "os": [
        "linux"
      ],
      "engines": {
        "node": ">=18"
      }
    },
    "node_modules/@esbuild/linux-x64": {
      "version": "0.25.12",
      "resolved": "https://registry.npmjs.org/@esbuild/linux-x64/-/linux-x64-0.25.12.tgz",
      "integrity": "sha512-uqZMTLr/zR/ed4jIGnwSLkaHmPjOjJvnm6TVVitAa08SLS9Z0VM8wIRx7gWbJB5/J54YuIMInDquWyYvQLZkgw==",
      "cpu": [
        "x64"
      ],
      "dev": true,
      "license": "MIT",
      "optional": true,
      "os": [
        "linux"
      ],
      "engines": {
        "node": ">=18"
      }
    },
    "node_modules/@esbuild/netbsd-arm64": {
      "version": "0.25.12",
      "resolved": "https://registry.npmjs.org/@esbuild/netbsd-arm64/-/netbsd-arm64-0.25.12.tgz",
      "integrity": "sha512-xXwcTq4GhRM7J9A8Gv5boanHhRa/Q9KLVmcyXHCTaM4wKfIpWkdXiMog/KsnxzJ0A1+nD+zoecuzqPmCRyBGjg==",
      "cpu": [
        "arm64"
      ],
      "dev": true,
      "license": "MIT",
      "optional": true,
      "os": [
        "netbsd"
      ],
      "engines": {
        "node": ">=18"
      }
    },
    "node_modules/@esbuild/netbsd-x64": {
      "version": "0.25.12",
      "resolved": "https://registry.npmjs.org/@esbuild/netbsd-x64/-/netbsd-x64-0.25.12.tgz",
      "integrity": "sha512-Ld5pTlzPy3YwGec4OuHh1aCVCRvOXdH8DgRjfDy/oumVovmuSzWfnSJg+VtakB9Cm0gxNO9BzWkj6mtO1FMXkQ==",
      "cpu": [
        "x64"
      ],
      "dev": true,
      "license": "MIT",
      "optional": true,
      "os": [
        "netbsd"
      ],
      "engines": {
        "node": ">=18"
      }
    },
    "node_modules/@esbuild/openbsd-arm64": {
      "version": "0.25.12",
      "resolved": "https://registry.npmjs.org/@esbuild/openbsd-arm64/-/openbsd-arm64-0.25.12.tgz",
      "integrity": "sha512-fF96T6KsBo/pkQI950FARU9apGNTSlZGsv1jZBAlcLL1MLjLNIWPBkj5NlSz8aAzYKg+eNqknrUJ24QBybeR5A==",
      "cpu": [
        "arm64"
      ],
      "dev": true,
      "license": "MIT",
      "optional": true,
      "os": [
        "openbsd"
      ],
      "engines": {
        "node": ">=18"
      }
    },
    "node_modules/@esbuild/openbsd-x64": {
      "version": "0.25.12",
      "resolved": "https://registry.npmjs.org/@esbuild/openbsd-x64/-/openbsd-x64-0.25.12.tgz",
      "integrity": "sha512-MZyXUkZHjQxUvzK7rN8DJ3SRmrVrke8ZyRusHlP+kuwqTcfWLyqMOE3sScPPyeIXN/mDJIfGXvcMqCgYKekoQw==",
      "cpu": [
        "x64"
      ],
      "dev": true,
      "license": "MIT",
      "optional": true,
      "os": [
        "openbsd"
      ],
      "engines": {
        "node": ">=18"
      }
    },
    "node_modules/@esbuild/openharmony-arm64": {
      "version": "0.25.12",
      "resolved": "https://registry.npmjs.org/@esbuild/openharmony-arm64/-/openharmony-arm64-0.25.12.tgz",
      "integrity": "sha512-rm0YWsqUSRrjncSXGA7Zv78Nbnw4XL6/dzr20cyrQf7ZmRcsovpcRBdhD43Nuk3y7XIoW2OxMVvwuRvk9XdASg==",
      "cpu": [
        "arm64"
      ],
      "dev": true,
      "license": "MIT",
      "optional": true,
      "os": [
        "openharmony"
      ],
      "engines": {
        "node": ">=18"
      }
    },
    "node_modules/@esbuild/sunos-x64": {
      "version": "0.25.12",
      "resolved": "https://registry.npmjs.org/@esbuild/sunos-x64/-/sunos-x64-0.25.12.tgz",
      "integrity": "sha512-3wGSCDyuTHQUzt0nV7bocDy72r2lI33QL3gkDNGkod22EsYl04sMf0qLb8luNKTOmgF/eDEDP5BFNwoBKH441w==",
      "cpu": [
        "x64"
      ],
      "dev": true,
      "license": "MIT",
      "optional": true,
      "os": [
        "sunos"
      ],
      "engines": {
        "node": ">=18"
      }
    },
    "node_modules/@esbuild/win32-arm64": {
      "version": "0.25.12",
      "resolved": "https://registry.npmjs.org/@esbuild/win32-arm64/-/win32-arm64-0.25.12.tgz",
      "integrity": "sha512-rMmLrur64A7+DKlnSuwqUdRKyd3UE7oPJZmnljqEptesKM8wx9J8gx5u0+9Pq0fQQW8vqeKebwNXdfOyP+8Bsg==",
      "cpu": [
        "arm64"
      ],
      "dev": true,
      "license": "MIT",
      "optional": true,
      "os": [
        "win32"
      ],
      "engines": {
        "node": ">=18"
      }
    },
    "node_modules/@esbuild/win32-ia32": {
      "version": "0.25.12",
      "resolved": "https://registry.npmjs.org/@esbuild/win32-ia32/-/win32-ia32-0.25.12.tgz",
      "integrity": "sha512-HkqnmmBoCbCwxUKKNPBixiWDGCpQGVsrQfJoVGYLPT41XWF8lHuE5N6WhVia2n4o5QK5M4tYr21827fNhi4byQ==",
      "cpu": [
        "ia32"
      ],
      "dev": true,
      "license": "MIT",
      "optional": true,
      "os": [
        "win32"
      ],
      "engines": {
        "node": ">=18"
      }
    },
    "node_modules/@esbuild/win32-x64": {
      "version": "0.25.12",
      "resolved": "https://registry.npmjs.org/@esbuild/win32-x64/-/win32-x64-0.25.12.tgz",
      "integrity": "sha512-alJC0uCZpTFrSL0CCDjcgleBXPnCrEAhTBILpeAp7M/OFgoqtAetfBzX0xM00MUsVVPpVjlPuMbREqnZCXaTnA==",
      "cpu": [
        "x64"
      ],
      "dev": true,
      "license": "MIT",
      "optional": true,
      "os": [
        "win32"
      ],
      "engines": {
        "node": ">=18"
      }
    },
    "node_modules/@monaco-editor/loader": {
      "version": "1.7.0",
      "resolved": "https://registry.npmjs.org/@monaco-editor/loader/-/loader-1.7.0.tgz",
      "integrity": "sha512-gIwR1HrJrrx+vfyOhYmCZ0/JcWqG5kbfG7+d3f/C1LXk2EvzAbHSg3MQ5lO2sMlo9izoAZ04shohfKLVT6crVA==",
      "license": "MIT",
      "dependencies": {
        "state-local": "^1.0.6"
      }
    },
    "node_modules/@monaco-editor/react": {
      "version": "4.7.0",
      "resolved": "https://registry.npmjs.org/@monaco-editor/react/-/react-4.7.0.tgz",
      "integrity": "sha512-cyzXQCtO47ydzxpQtCGSQGOC8Gk3ZUeBXFAxD+CWXYFo5OqZyZUonFl0DwUlTyAfRHntBfw2p3w4s9R6oe1eCA==",
      "license": "MIT",
      "dependencies": {
        "@monaco-editor/loader": "^1.5.0"
      },
      "peerDependencies": {
        "monaco-editor": ">= 0.25.0 < 1",
        "react": "^16.8.0 || ^17.0.0 || ^18.0.0 || ^19.0.0",
        "react-dom": "^16.8.0 || ^17.0.0 || ^18.0.0 || ^19.0.0"
      }
    },
    "node_modules/@types/jasmine": {
      "version": "3.10.19",
      "resolved": "https://registry.npmjs.org/@types/jasmine/-/jasmine-3.10.19.tgz",
      "integrity": "sha512-Bz6P2XoeIN13AhvVe0nS7+m2RfxVllETDjFQ/s6lyEwEfIVpPCc1Q8vPdFopFAOU5mzrU1zypXJ1xGDl5EVU9Q==",
      "license": "MIT"
    },
    "node_modules/@types/node": {
      "version": "24.13.3",
      "resolved": "https://registry.npmjs.org/@types/node/-/node-24.13.3.tgz",
      "integrity": "sha512-Dh8vAsV36ig5wa9OX4pXvMc9D3Veibfw2wix0CUwYODLD8nkj9UsLjASr49nPg+2eKzxhBV+v7L8pXvT4e639Q==",
      "dev": true,
      "license": "MIT",
      "dependencies": {
        "undici-types": "~7.18.0"
      }
    },
    "node_modules/@types/trusted-types": {
      "version": "2.0.7",
      "resolved": "https://registry.npmjs.org/@types/trusted-types/-/trusted-types-2.0.7.tgz",
      "integrity": "sha512-ScaPdn1dQczgbl0QFTeTOmVHFULt394XJgOQNoyVhZ6r2vLnMLJfBPd53SB52T/3G36VI1/g2MZaX0cwDuXsfw==",
      "license": "MIT",
      "optional": true
    },
    "node_modules/@vscode/diff": {
      "version": "0.0.2-7",
      "resolved": "https://registry.npmjs.org/@vscode/diff/-/diff-0.0.2-7.tgz",
      "integrity": "sha512-zGPIPeUAmQs79u7g6FTLmhlXFIocUTtuHYmCV5lRZf6vlDk7SWEOpBlYY6SsShC3TB/lm2KxXMj9tP32YOPrhg==",
      "license": "MIT"
    },
    "node_modules/@vscode/iconv-lite-umd": {
      "version": "0.7.1",
      "resolved": "https://registry.npmjs.org/@vscode/iconv-lite-umd/-/iconv-lite-umd-0.7.1.tgz",
      "integrity": "sha512-tK6k0DXFHW7q5+GGuGZO+phpAqpxO4WXl+BLc/8/uOk3RsM2ssAL3CQUQDb1TGfwltjsauhN6S4ghYZzs4sPFw==",
      "license": "MIT"
    },
    "node_modules/@xterm/addon-fit": {
      "version": "0.11.0",
      "resolved": "https://registry.npmjs.org/@xterm/addon-fit/-/addon-fit-0.11.0.tgz",
      "integrity": "sha512-jYcgT6xtVYhnhgxh3QgYDnnNMYTcf8ElbxxFzX0IZo+vabQqSPAjC3c1wJrKB5E19VwQei89QCiZZP86DCPF7g==",
      "license": "MIT"
    },
    "node_modules/@xterm/addon-web-links": {
      "version": "0.12.0",
      "resolved": "https://registry.npmjs.org/@xterm/addon-web-links/-/addon-web-links-0.12.0.tgz",
      "integrity": "sha512-4Smom3RPyVp7ZMYOYDoC/9eGJJJqYhnPLGGqJ6wOBfB8VxPViJNSKdgRYb8NpaM6YSelEKbA2SStD7lGyqaobw==",
      "license": "MIT"
    },
    "node_modules/@xterm/xterm": {
      "version": "6.0.0",
      "resolved": "https://registry.npmjs.org/@xterm/xterm/-/xterm-6.0.0.tgz",
      "integrity": "sha512-TQwDdQGtwwDt+2cgKDLn0IRaSxYu1tSUjgKarSDkUM0ZNiSRXFpjxEsvc/Zgc5kq5omJ+V0a8/kIM2WD3sMOYg==",
      "license": "MIT",
      "workspaces": [
        "addons/*"
      ]
    },
    "node_modules/chokidar": {
      "version": "5.0.0",
      "resolved": "https://registry.npmjs.org/chokidar/-/chokidar-5.0.0.tgz",
      "integrity": "sha512-TQMmc3w+5AxjpL8iIiwebF73dRDF4fBIieAqGn9RGCWaEVwQ6Fb2cGe31Yns0RRIzii5goJ1Y7xbMwo1TxMplw==",
      "license": "MIT",
      "dependencies": {
        "readdirp": "^5.0.0"
      },
      "engines": {
        "node": ">= 20.19.0"
      },
      "funding": {
        "url": "https://paulmillr.com/funding/"
      }
    },
    "node_modules/debug": {
      "version": "4.4.3",
      "resolved": "https://registry.npmjs.org/debug/-/debug-4.4.3.tgz",
      "integrity": "sha512-RGwwWnwQvkVfavKVt22FGLw+xYSdzARwm0ru6DhTVA3umU5hZc28V3kO4stgYryrTlLpuvgI9GiijltAjNbcqA==",
      "license": "MIT",
      "dependencies": {
        "ms": "^2.1.3"
      },
      "engines": {
        "node": ">=6.0"
      },
      "peerDependenciesMeta": {
        "supports-color": {
          "optional": true
        }
      }
    },
    "node_modules/dompurify": {
      "version": "3.4.12",
      "resolved": "https://registry.npmjs.org/dompurify/-/dompurify-3.4.12.tgz",
      "integrity": "sha512-zQvGet8Z2sWbQhCmfFz/T5QWH2oBmjnqK3qvOjaqaNLrLEF912WamU+ohnTp0TCep/MFVHpdJuCZEdFOdTnEFg==",
      "license": "(MPL-2.0 OR Apache-2.0)",
      "optionalDependencies": {
        "@types/trusted-types": "^2.0.7"
      }
    },
    "node_modules/electron": {
      "version": "43.2.0",
      "resolved": "https://registry.npmjs.org/electron/-/electron-43.2.0.tgz",
      "integrity": "sha512-80zvrgG7ZRXD+tD0IyLvrnN9n+veSxadMRsMaC9wKKP3iUbtC7rGM8+dVuCmOb0Rrwwv8ESW4awnUZh9Hbp1fA==",
      "dev": true,
      "license": "MIT",
      "dependencies": {
        "@electron-internal/extract-zip": "^1.0.1",
        "@electron/get": "^5.0.0",
        "@types/node": "^24.9.0"
      },
      "bin": {
        "electron": "cli.js",
        "install-electron": "install.js"
      },
      "engines": {
        "node": ">= 22.12.0"
      }
    },
    "node_modules/electron-chrome-extensions": {
      "version": "4.9.0",
      "resolved": "https://registry.npmjs.org/electron-chrome-extensions/-/electron-chrome-extensions-4.9.0.tgz",
      "integrity": "sha512-4kLlh4sPPF0ieOy/Gw7A7KrmqB07megDLqOWAWXdFLAYu+2AeOGME6uOBa80NZLbKgTqBvrsVDZ+epdszRm/EQ==",
      "license": "SEE LICENSE IN LICENSE.md",
      "dependencies": {
        "debug": "^4.3.1"
      }
    },
    "node_modules/env-paths": {
      "version": "3.0.0",
      "resolved": "https://registry.npmjs.org/env-paths/-/env-paths-3.0.0.tgz",
      "integrity": "sha512-dtJUTepzMW3Lm/NPxRf3wP4642UWhjL2sQxc+ym2YMj1m/H2zDNQOlezafzkHwn6sMstjHTwG6iQQsctDW/b1A==",
      "dev": true,
      "license": "MIT",
      "engines": {
        "node": "^12.20.0 || ^14.13.1 || >=16.0.0"
      },
      "funding": {
        "url": "https://github.com/sponsors/sindresorhus"
      }
    },
    "node_modules/esbuild": {
      "version": "0.25.12",
      "resolved": "https://registry.npmjs.org/esbuild/-/esbuild-0.25.12.tgz",
      "integrity": "sha512-bbPBYYrtZbkt6Os6FiTLCTFxvq4tt3JKall1vRwshA3fdVztsLAatFaZobhkBC8/BrPetoa0oksYoKXoG4ryJg==",
      "dev": true,
      "hasInstallScript": true,
      "license": "MIT",
      "bin": {
        "esbuild": "bin/esbuild"
      },
      "engines": {
        "node": ">=18"
      },
      "optionalDependencies": {
        "@esbuild/aix-ppc64": "0.25.12",
        "@esbuild/android-arm": "0.25.12",
        "@esbuild/android-arm64": "0.25.12",
        "@esbuild/android-x64": "0.25.12",
        "@esbuild/darwin-arm64": "0.25.12",
        "@esbuild/darwin-x64": "0.25.12",
        "@esbuild/freebsd-arm64": "0.25.12",
        "@esbuild/freebsd-x64": "0.25.12",
        "@esbuild/linux-arm": "0.25.12",
        "@esbuild/linux-arm64": "0.25.12",
        "@esbuild/linux-ia32": "0.25.12",
        "@esbuild/linux-loong64": "0.25.12",
        "@esbuild/linux-mips64el": "0.25.12",
        "@esbuild/linux-ppc64": "0.25.12",
        "@esbuild/linux-riscv64": "0.25.12",
        "@esbuild/linux-s390x": "0.25.12",
        "@esbuild/linux-x64": "0.25.12",
        "@esbuild/netbsd-arm64": "0.25.12",
        "@esbuild/netbsd-x64": "0.25.12",
        "@esbuild/openbsd-arm64": "0.25.12",
        "@esbuild/openbsd-x64": "0.25.12",
        "@esbuild/openharmony-arm64": "0.25.12",
        "@esbuild/sunos-x64": "0.25.12",
        "@esbuild/win32-arm64": "0.25.12",
        "@esbuild/win32-ia32": "0.25.12",
        "@esbuild/win32-x64": "0.25.12"
      }
    },
    "node_modules/flexlayout-react": {
      "version": "0.8.19",
      "resolved": "https://registry.npmjs.org/flexlayout-react/-/flexlayout-react-0.8.19.tgz",
      "integrity": "sha512-OC8PvAZ7ElYutiSQhLbuycpzxXdIQuyREozWGu8Wx3+6G4r3ctBMUiSYEVKICgiW1wLOPwvZOSpOFqddG3eoVg==",
      "license": "ISC",
      "peerDependencies": {
        "react": "^18.0.0 || ^19.0.0",
        "react-dom": "^18.0.0 || ^19.0.0"
      }
    },
    "node_modules/graceful-fs": {
      "version": "4.2.11",
      "resolved": "https://registry.npmjs.org/graceful-fs/-/graceful-fs-4.2.11.tgz",
      "integrity": "sha512-RbJ5/jmFcNNCcDV5o9eTnBLJ/HszWV0P73bc+Ff4nS/rJj+YaS6IGyiOL0VoBYX+l1Wrl3k63h/KrH+nhJ0XvQ==",
      "dev": true,
      "license": "ISC"
    },
    "node_modules/jschardet": {
      "version": "3.1.4",
      "resolved": "https://registry.npmjs.org/jschardet/-/jschardet-3.1.4.tgz",
      "integrity": "sha512-/kmVISmrwVwtyYU40iQUOp3SUPk2dhNCMsZBQX0R1/jZ8maaXJ/oZIzUOiyOqcgtLnETFKYChbJ5iDC/eWmFHg==",
      "license": "LGPL-2.1+",
      "engines": {
        "node": ">=0.1.90"
      }
    },
    "node_modules/marked": {
      "version": "14.0.0",
      "resolved": "https://registry.npmjs.org/marked/-/marked-14.0.0.tgz",
      "integrity": "sha512-uIj4+faQ+MgHgwUW1l2PsPglZLOLOT1uErt06dAPtx2kjteLAkbsd/0FiYg/MGS+i7ZKLb7w2WClxHkzOOuryQ==",
      "license": "MIT",
      "bin": {
        "marked": "bin/marked.js"
      },
      "engines": {
        "node": ">= 18"
      }
    },
    "node_modules/monaco-editor": {
      "version": "0.56.0",
      "resolved": "https://registry.npmjs.org/monaco-editor/-/monaco-editor-0.56.0.tgz",
      "integrity": "sha512-sXboRm3BeBeLm938eaiyLMe0OxzfXIlZvbv4ir/jVgQy1zDhWjgmny0WoN45fuDKhCCQsYMbBJrv/A6jd8aCUg==",
      "license": "MIT",
      "dependencies": {
        "dompurify": "3.4.8",
        "marked": "14.0.0"
      }
    },
    "node_modules/monaco-editor/node_modules/dompurify": {
      "version": "3.4.8",
      "resolved": "https://registry.npmjs.org/dompurify/-/dompurify-3.4.8.tgz",
      "integrity": "sha512-yb1cEmaOum7wFvOCSQxyfgVlv5D47Rc30iZWoMpbDIWTnJ6grDDQyu2KFJzB2k7u0pMuJcQ1zphH//fFnw2tjQ==",
      "license": "(MPL-2.0 OR Apache-2.0)",
      "optionalDependencies": {
        "@types/trusted-types": "^2.0.7"
      }
    },
    "node_modules/ms": {
      "version": "2.1.3",
      "resolved": "https://registry.npmjs.org/ms/-/ms-2.1.3.tgz",
      "integrity": "sha512-6FlzubTLZG3J2a/NVCAleEhjzq5oxgHyaCU9yYXvcLsvoVaHJq/s5xXI6/XXP6tz7R9xAOtHnSO/tXtF3WRTlA==",
      "license": "MIT"
    },
    "node_modules/node-addon-api": {
      "version": "7.1.1",
      "resolved": "https://registry.npmjs.org/node-addon-api/-/node-addon-api-7.1.1.tgz",
      "integrity": "sha512-5m3bsyrjFWE1xf7nz7YXdN4udnVtXK6/Yfgn5qnahL6bCkf2yKt4k3nuTKAtT4r3IG8JNR2ncsIMdZuAzJjHQQ==",
      "license": "MIT"
    },
    "node_modules/node-pty": {
      "version": "1.1.0",
      "resolved": "https://registry.npmjs.org/node-pty/-/node-pty-1.1.0.tgz",
      "integrity": "sha512-20JqtutY6JPXTUnL0ij1uad7Qe1baT46lyolh2sSENDd4sTzKZ4nmAFkeAARDKwmlLjPx6XKRlwRUxwjOy+lUg==",
      "hasInstallScript": true,
      "license": "MIT",
      "dependencies": {
        "node-addon-api": "^7.1.0"
      }
    },
    "node_modules/progress": {
      "version": "2.0.3",
      "resolved": "https://registry.npmjs.org/progress/-/progress-2.0.3.tgz",
      "integrity": "sha512-7PiHtLll5LdnKIMw100I+8xJXR5gW2QwWYkT6iJva0bXitZKa/XMrSbdmg3r2Xnaidz9Qumd0VPaMrZlF9V9sA==",
      "dev": true,
      "license": "MIT",
      "engines": {
        "node": ">=0.4.0"
      }
    },
    "node_modules/react": {
      "version": "19.2.8",
      "resolved": "https://registry.npmjs.org/react/-/react-19.2.8.tgz",
      "integrity": "sha512-PWaYA1L/q9u2u7xYQi+Y3L3Yfnie7XyLeaJICV1MGD6LprsBxcAqGjYyr0eY3p+QdsA+x/Irkt4Qif8D63+Sbw==",
      "license": "MIT",
      "engines": {
        "node": ">=0.10.0"
      }
    },
    "node_modules/react-dom": {
      "version": "19.2.8",
      "resolved": "https://registry.npmjs.org/react-dom/-/react-dom-19.2.8.tgz",
      "integrity": "sha512-rVprimfGBG3DR+Tq0IQG2DT5PxKth1WIGDmj5yPmlzr4YBe7uyE+Du4oVqTDXZSHGGGXRtTJEGSSePyQCMBglQ==",
      "license": "MIT",
      "dependencies": {
        "scheduler": "^0.27.0"
      },
      "peerDependencies": {
        "react": "^19.2.8"
      }
    },
    "node_modules/readdirp": {
      "version": "5.0.0",
      "resolved": "https://registry.npmjs.org/readdirp/-/readdirp-5.0.0.tgz",
      "integrity": "sha512-9u/XQ1pvrQtYyMpZe7DXKv2p5CNvyVwzUB6uhLAnQwHMSgKMBR62lc7AHljaeteeHXn11XTAaLLUVZYVZyuRBQ==",
      "license": "MIT",
      "engines": {
        "node": ">= 20.19.0"
      },
      "funding": {
        "type": "individual",
        "url": "https://paulmillr.com/funding/"
      }
    },
    "node_modules/scheduler": {
      "version": "0.27.0",
      "resolved": "https://registry.npmjs.org/scheduler/-/scheduler-0.27.0.tgz",
      "integrity": "sha512-eNv+WrVbKu1f3vbYJT/xtiF5syA5HPIMtf9IgY/nKg0sWqzAUEvqY/xm7OcZc/qafLx/iO9FgOmeSAp4v5ti/Q==",
      "license": "MIT"
    },
    "node_modules/semver": {
      "version": "7.8.5",
      "resolved": "https://registry.npmjs.org/semver/-/semver-7.8.5.tgz",
      "integrity": "sha512-Y7/KDsb8LjooZpwaqGyulO6DQlksgCncchHGk+sZIY4SBvUocMBEFH5Ur1fI4dV+Jvl0w6cjvucaIi40puRioA==",
      "dev": true,
      "license": "ISC",
      "bin": {
        "semver": "bin/semver.js"
      },
      "engines": {
        "node": ">=10"
      }
    },
    "node_modules/state-local": {
      "version": "1.0.7",
      "resolved": "https://registry.npmjs.org/state-local/-/state-local-1.0.7.tgz",
      "integrity": "sha512-HTEHMNieakEnoe33shBYcZ7NX83ACUjCu8c40iOGEZsngj9zRnkqS9j1pqQPXwobB0ZcVTk27REb7COQ0UR59w==",
      "license": "MIT"
    },
    "node_modules/sumchecker": {
      "version": "3.0.1",
      "resolved": "https://registry.npmjs.org/sumchecker/-/sumchecker-3.0.1.tgz",
      "integrity": "sha512-MvjXzkz/BOfyVDkG0oFOtBxHX2u3gKbMHIF/dXblZsgD3BWOFLmHovIpZY7BykJdAjcqRCBi1WYBNdEC9yI7vg==",
      "dev": true,
      "license": "Apache-2.0",
      "dependencies": {
        "debug": "^4.1.0"
      },
      "engines": {
        "node": ">= 8.0"
      }
    },
    "node_modules/undici": {
      "version": "7.29.0",
      "resolved": "https://registry.npmjs.org/undici/-/undici-7.29.0.tgz",
      "integrity": "sha512-IDxfleLmmbSskfWSUATiN1nfn2rDuvnMOqb5CWR92iIfojA0Ud+ulOAAEQ57LPr9rWmsreUyf5lwyao+7GNNVw==",
      "dev": true,
      "license": "MIT",
      "optional": true,
      "engines": {
        "node": ">=20.18.1"
      }
    },
    "node_modules/undici-types": {
      "version": "7.18.2",
      "resolved": "https://registry.npmjs.org/undici-types/-/undici-types-7.18.2.tgz",
      "integrity": "sha512-AsuCzffGHJybSaRrmr5eHr81mwJU3kjw6M+uprWvCXiNeN9SOGwQ3Jn8jb8m3Z6izVgknn1R0FTCEAP2QrLY/w==",
      "dev": true,
      "license": "MIT"
    },
    "node_modules/vscode-icons-js": {
      "version": "11.6.1",
      "resolved": "https://registry.npmjs.org/vscode-icons-js/-/vscode-icons-js-11.6.1.tgz",
      "integrity": "sha512-rht18IFYv117UlqBn6o9j258SOtwhDBmtVrGwdoLPpSj6Z5LKQIzarQDd/tCRWneU68KEX25+nsh48tAoknKNw==",
      "license": "MIT",
      "dependencies": {
        "@types/jasmine": "^3.6.3"
      }
    }
  }
}
